
Microsoft Visual Studio Solution File, Format Version 12.00
# Visual Studio Express 14 for Windows Desktop
VisualStudioVersion = 14.0.25420.1
MinimumVisualStudioVersion = 10.0.40219.1
Project("{FAE04EC0-301F-11D3-BF4B-00C04F79EFBC}") = "Exercise1(Week 1)", "Exercise1(Week 1)\Exercise1(Week 1).csproj", "{5D45CD6A-8743-401E-A54D-BA170CC3E120}"
EndProject
Global
	GlobalSection(SolutionConfigurationPlatforms) = preSolution
		Debug|Any CPU = Debug|Any CPU
		Release|Any CPU = Release|Any CPU
	EndGlobalSection
	GlobalSection(ProjectConfigurationPlatforms) = postSolution
		{5D45CD6A-8743-401E-A54D-BA170CC3E120}.Debug|Any CPU.ActiveCfg = Debug|Any CPU
		{5D45CD6A-8743-401E-A54D-BA170CC3E120}.Debug|Any CPU.Build.0 = Debug|Any CPU
		{5D45CD6A-8743-401E-A54D-BA170CC3E120}.Release|Any CPU.ActiveCfg = Release|Any CPU
		{5D45CD6A-8743-401E-A54D-BA170CC3E120}.Release|Any CPU.Build.0 = Release|Any CPU
	EndGlobalSection
	GlobalSection(SolutionProperties) = preSolution
		HideSolutionNode = FALSE
	EndGlobalSection
EndGlobal
